{
  "originHash" : "f36db4f5918d47a2752ac2294796b44397471e1f8167c33d834dd45c536f587e",
  "pins" : [
    {
      "identity" : "newrelic-ios-agent-spm",
      "kind" : "remoteSourceControl",
      "location" : "https://github.com/newrelic/newrelic-ios-agent-spm",
      "state" : {
        "revision" : "2cb48cab703bc4d00edde3ccb0ce891250b1bb17",
        "version" : "7.6.0"
      }
    }
  ],
  "version" : 3
}
