// !$*UTF8*$!
{
	archiveVersion = 1;
	classes = {
	};
	objectVersion = 77;
	objects = {

/* Begin PBXBuildFile section */
		D303C0672F450B6A00BFF60A /* 06_Phase_3_Implementation_Guide_Part2.pdf in Resources */ = {isa = PBXBuildFile; fileRef = D303C04D2F450B6A00BFF60A /* 06_Phase_3_Implementation_Guide_Part2.pdf */; };
		D303C0682F450B6A00BFF60A /* 11_Phase_6-5_Purchase_Management_Part2.pdf in Resources */ = {isa = PBXBuildFile; fileRef = D303C0612F450B6A00BFF60A /* 11_Phase_6-5_Purchase_Management_Part2.pdf */; };
		D303C0692F450B6A00BFF60A /* AGENTS.md in Resources */ = {isa = PBXBuildFile; fileRef = D303C0642F450B6A00BFF60A /* AGENTS.md */; };
		D303C06A2F450B6A00BFF60A /* 02_Project_Structure_Blueprint.pdf in Resources */ = {isa = PBXBuildFile; fileRef = D303C0432F450B6A00BFF60A /* 02_Project_Structure_Blueprint.pdf */; };
		D303C06B2F450B6A00BFF60A /* 07_Phase_4_Implementation_Guide.pdf in Resources */ = {isa = PBXBuildFile; fileRef = D303C04F2F450B6A00BFF60A /* 07_Phase_4_Implementation_Guide.pdf */; };
		D303C06C2F450B6A00BFF60A /* 10_Phase_6_Implementation_Guide_Part1.md in Resources */ = {isa = PBXBuildFile; fileRef = D303C0582F450B6A00BFF60A /* 10_Phase_6_Implementation_Guide_Part1.md */; };
		D303C06D2F450B6A00BFF60A /* 04_Phase_1_Implementation_Guide.md in Resources */ = {isa = PBXBuildFile; fileRef = D303C0462F450B6A00BFF60A /* 04_Phase_1_Implementation_Guide.md */; };
		D303C06E2F450B6A00BFF60A /* 03_Design_System_Specification.pdf in Resources */ = {isa = PBXBuildFile; fileRef = D303C0452F450B6A00BFF60A /* 03_Design_System_Specification.pdf */; };
		D303C06F2F450B6A00BFF60A /* 08_Phase_5_Implementation_Guide_Part1.pdf in Resources */ = {isa = PBXBuildFile; fileRef = D303C0512F450B6A00BFF60A /* 08_Phase_5_Implementation_Guide_Part1.pdf */; };
		D303C0702F450B6A00BFF60A /* 05_Phase_2_Implementation_Guide.md in Resources */ = {isa = PBXBuildFile; fileRef = D303C0482F450B6A00BFF60A /* 05_Phase_2_Implementation_Guide.md */; };
		D303C0712F450B6A00BFF60A /* 06_Phase_3_Implementation_Guide.pdf in Resources */ = {isa = PBXBuildFile; fileRef = D303C04B2F450B6A00BFF60A /* 06_Phase_3_Implementation_Guide.pdf */; };
		D303C0722F450B6A00BFF60A /* Backend_Requirements_Phase3_Authentication.md in Resources */ = {isa = PBXBuildFile; fileRef = D303C0652F450B6A00BFF60A /* Backend_Requirements_Phase3_Authentication.md */; };
		D303C0732F450B6A00BFF60A /* 08_Phase_5_Implementation_Guide_Part1.md in Resources */ = {isa = PBXBuildFile; fileRef = D303C0502F450B6A00BFF60A /* 08_Phase_5_Implementation_Guide_Part1.md */; };
		D303C0742F450B6A00BFF60A /* 01_Architecture_Decision_Record.md in Resources */ = {isa = PBXBuildFile; fileRef = D303C0402F450B6A00BFF60A /* 01_Architecture_Decision_Record.md */; };
		D303C0752F450B6A00BFF60A /* 11_Phase_6-5_Purchase_Management_Part3.pdf in Resources */ = {isa = PBXBuildFile; fileRef = D303C0632F450B6A00BFF60A /* 11_Phase_6-5_Purchase_Management_Part3.pdf */; };
		D303C0762F450B6A00BFF60A /* 11_Phase_6-5_Purchase_Management_Part1.pdf in Resources */ = {isa = PBXBuildFile; fileRef = D303C05F2F450B6A00BFF60A /* 11_Phase_6-5_Purchase_Management_Part1.pdf */; };
		D303C0772F450B6A00BFF60A /* 09_Phase_5_Supplement_Sections_11-14.pdf in Resources */ = {isa = PBXBuildFile; fileRef = D303C0552F450B6A00BFF60A /* 09_Phase_5_Supplement_Sections_11-14.pdf */; };
		D303C0782F450B6A00BFF60A /* 10_Phase_6_Implementation_Guide_Part2.md in Resources */ = {isa = PBXBuildFile; fileRef = D303C05A2F450B6A00BFF60A /* 10_Phase_6_Implementation_Guide_Part2.md */; };
		D303C0792F450B6A00BFF60A /* 10_Phase_6_Implementation_Guide_Part2.pdf in Resources */ = {isa = PBXBuildFile; fileRef = D303C05B2F450B6A00BFF60A /* 10_Phase_6_Implementation_Guide_Part2.pdf */; };
		D303C07A2F450B6A00BFF60A /* 07_Phase_4_Implementation_Guide.md in Resources */ = {isa = PBXBuildFile; fileRef = D303C04E2F450B6A00BFF60A /* 07_Phase_4_Implementation_Guide.md */; };
		D303C07B2F450B6A00BFF60A /* 10_Phase_6_Implementation_Guide_Part1.pdf in Resources */ = {isa = PBXBuildFile; fileRef = D303C0592F450B6A00BFF60A /* 10_Phase_6_Implementation_Guide_Part1.pdf */; };
		D303C07C2F450B6A00BFF60A /* 01_Architecture_Decision_Record.pdf in Resources */ = {isa = PBXBuildFile; fileRef = D303C0412F450B6A00BFF60A /* 01_Architecture_Decision_Record.pdf */; };
		D303C07D2F450B6A00BFF60A /* 02_Project_Structure_Blueprint.md in Resources */ = {isa = PBXBuildFile; fileRef = D303C0422F450B6A00BFF60A /* 02_Project_Structure_Blueprint.md */; };
		D303C07E2F450B6A00BFF60A /* 08_Phase_5_Implementation_Guide_Part2.md in Resources */ = {isa = PBXBuildFile; fileRef = D303C0522F450B6A00BFF60A /* 08_Phase_5_Implementation_Guide_Part2.md */; };
		D303C07F2F450B6A00BFF60A /* 05_Phase_2_Implementation_Guide.pdf in Resources */ = {isa = PBXBuildFile; fileRef = D303C0492F450B6A00BFF60A /* 05_Phase_2_Implementation_Guide.pdf */; };
		D303C0802F450B6A00BFF60A /* 00_Implementation_Phases_Overview.md in Resources */ = {isa = PBXBuildFile; fileRef = D303C03E2F450B6A00BFF60A /* 00_Implementation_Phases_Overview.md */; };
		D303C0812F450B6A00BFF60A /* 10_Phase_5_Supplement_Sections_1-10.md in Resources */ = {isa = PBXBuildFile; fileRef = D303C0562F450B6A00BFF60A /* 10_Phase_5_Supplement_Sections_1-10.md */; };
		D303C0822F450B6A00BFF60A /* 10_Phase_5_Supplement_Sections_1-10.pdf in Resources */ = {isa = PBXBuildFile; fileRef = D303C0572F450B6A00BFF60A /* 10_Phase_5_Supplement_Sections_1-10.pdf */; };
		D303C0832F450B6A00BFF60A /* 06_Phase_3_Implementation_Guide_Part2.md in Resources */ = {isa = PBXBuildFile; fileRef = D303C04C2F450B6A00BFF60A /* 06_Phase_3_Implementation_Guide_Part2.md */; };
		D303C0842F450B6A00BFF60A /* 10_Phase_6_Implementation_Guide_Part3.pdf in Resources */ = {isa = PBXBuildFile; fileRef = D303C05D2F450B6A00BFF60A /* 10_Phase_6_Implementation_Guide_Part3.pdf */; };
		D303C0852F450B6A00BFF60A /* 11_Phase_6-5_Purchase_Management_Part3.md in Resources */ = {isa = PBXBuildFile; fileRef = D303C0622F450B6A00BFF60A /* 11_Phase_6-5_Purchase_Management_Part3.md */; };
		D303C0862F450B6A00BFF60A /* 04_Phase_1_Implementation_Guide.pdf in Resources */ = {isa = PBXBuildFile; fileRef = D303C0472F450B6A00BFF60A /* 04_Phase_1_Implementation_Guide.pdf */; };
		D303C0872F450B6A00BFF60A /* 03_Design_System_Specification.md in Resources */ = {isa = PBXBuildFile; fileRef = D303C0442F450B6A00BFF60A /* 03_Design_System_Specification.md */; };
		D303C0882F450B6A00BFF60A /* 11_Phase_6-5_Purchase_Management_Part2.md in Resources */ = {isa = PBXBuildFile; fileRef = D303C0602F450B6A00BFF60A /* 11_Phase_6-5_Purchase_Management_Part2.md */; };
		D303C0892F450B6A00BFF60A /* 10_Phase_6_Implementation_Guide_Part3.md in Resources */ = {isa = PBXBuildFile; fileRef = D303C05C2F450B6A00BFF60A /* 10_Phase_6_Implementation_Guide_Part3.md */; };
		D303C08A2F450B6A00BFF60A /* 08_Phase_5_Implementation_Guide_Part2.pdf in Resources */ = {isa = PBXBuildFile; fileRef = D303C0532F450B6A00BFF60A /* 08_Phase_5_Implementation_Guide_Part2.pdf */; };
		D303C08B2F450B6A00BFF60A /* 09_Phase_5_Supplement_Sections_11-14.md in Resources */ = {isa = PBXBuildFile; fileRef = D303C0542F450B6A00BFF60A /* 09_Phase_5_Supplement_Sections_11-14.md */; };
		D303C08C2F450B6A00BFF60A /* 11_Phase_6-5_Purchase_Management_Part1.md in Resources */ = {isa = PBXBuildFile; fileRef = D303C05E2F450B6A00BFF60A /* 11_Phase_6-5_Purchase_Management_Part1.md */; };
		D303C08D2F450B6A00BFF60A /* 06_Phase_3_Implementation_Guide.md in Resources */ = {isa = PBXBuildFile; fileRef = D303C04A2F450B6A00BFF60A /* 06_Phase_3_Implementation_Guide.md */; };
		D303C08E2F450B6A00BFF60A /* 00_Implementation_Phases_Overview.pdf in Resources */ = {isa = PBXBuildFile; fileRef = D303C03F2F450B6A00BFF60A /* 00_Implementation_Phases_Overview.pdf */; };
		D3C371D42F357BEE00C09FB4 /* NewRelic in Frameworks */ = {isa = PBXBuildFile; productRef = D3C371D32F357BEE00C09FB4 /* NewRelic */; };
		D3C371D72F357C3000C09FB4 /* SentrySwiftUI in Frameworks */ = {isa = PBXBuildFile; productRef = D3C371D62F357C3000C09FB4 /* SentrySwiftUI */; };
/* End PBXBuildFile section */

/* Begin PBXContainerItemProxy section */
		D3C371592F32DFD100C09FB4 /* PBXContainerItemProxy */ = {
			isa = PBXContainerItemProxy;
			containerPortal = D3C371432F32DFD100C09FB4 /* Project object */;
			proxyType = 1;
			remoteGlobalIDString = D3C3714A2F32DFD100C09FB4;
			remoteInfo = ChristmasTracker;
		};
		D3C371632F32DFD100C09FB4 /* PBXContainerItemProxy */ = {
			isa = PBXContainerItemProxy;
			containerPortal = D3C371432F32DFD100C09FB4 /* Project object */;
			proxyType = 1;
			remoteGlobalIDString = D3C3714A2F32DFD100C09FB4;
			remoteInfo = ChristmasTracker;
		};
/* End PBXContainerItemProxy section */

/* Begin PBXFileReference section */
		D303C03E2F450B6A00BFF60A /* 00_Implementation_Phases_Overview.md */ = {isa = PBXFileReference; lastKnownFileType = net.daringfireball.markdown; path = 00_Implementation_Phases_Overview.md; sourceTree = "<group>"; };
		D303C03F2F450B6A00BFF60A /* 00_Implementation_Phases_Overview.pdf */ = {isa = PBXFileReference; lastKnownFileType = image.pdf; path = 00_Implementation_Phases_Overview.pdf; sourceTree = "<group>"; };
		D303C0402F450B6A00BFF60A /* 01_Architecture_Decision_Record.md */ = {isa = PBXFileReference; lastKnownFileType = net.daringfireball.markdown; path = 01_Architecture_Decision_Record.md; sourceTree = "<group>"; };
		D303C0412F450B6A00BFF60A /* 01_Architecture_Decision_Record.pdf */ = {isa = PBXFileReference; lastKnownFileType = image.pdf; path = 01_Architecture_Decision_Record.pdf; sourceTree = "<group>"; };
		D303C0422F450B6A00BFF60A /* 02_Project_Structure_Blueprint.md */ = {isa = PBXFileReference; lastKnownFileType = net.daringfireball.markdown; path = 02_Project_Structure_Blueprint.md; sourceTree = "<group>"; };
		D303C0432F450B6A00BFF60A /* 02_Project_Structure_Blueprint.pdf */ = {isa = PBXFileReference; lastKnownFileType = image.pdf; path = 02_Project_Structure_Blueprint.pdf; sourceTree = "<group>"; };
		D303C0442F450B6A00BFF60A /* 03_Design_System_Specification.md */ = {isa = PBXFileReference; lastKnownFileType = net.daringfireball.markdown; path = 03_Design_System_Specification.md; sourceTree = "<group>"; };
		D303C0452F450B6A00BFF60A /* 03_Design_System_Specification.pdf */ = {isa = PBXFileReference; lastKnownFileType = image.pdf; path = 03_Design_System_Specification.pdf; sourceTree = "<group>"; };
		D303C0462F450B6A00BFF60A /* 04_Phase_1_Implementation_Guide.md */ = {isa = PBXFileReference; lastKnownFileType = net.daringfireball.markdown; path = 04_Phase_1_Implementation_Guide.md; sourceTree = "<group>"; };
		D303C0472F450B6A00BFF60A /* 04_Phase_1_Implementation_Guide.pdf */ = {isa = PBXFileReference; lastKnownFileType = image.pdf; path = 04_Phase_1_Implementation_Guide.pdf; sourceTree = "<group>"; };
		D303C0482F450B6A00BFF60A /* 05_Phase_2_Implementation_Guide.md */ = {isa = PBXFileReference; lastKnownFileType = net.daringfireball.markdown; path = 05_Phase_2_Implementation_Guide.md; sourceTree = "<group>"; };
		D303C0492F450B6A00BFF60A /* 05_Phase_2_Implementation_Guide.pdf */ = {isa = PBXFileReference; lastKnownFileType = image.pdf; path = 05_Phase_2_Implementation_Guide.pdf; sourceTree = "<group>"; };
		D303C04A2F450B6A00BFF60A /* 06_Phase_3_Implementation_Guide.md */ = {isa = PBXFileReference; lastKnownFileType = net.daringfireball.markdown; path = 06_Phase_3_Implementation_Guide.md; sourceTree = "<group>"; };
		D303C04B2F450B6A00BFF60A /* 06_Phase_3_Implementation_Guide.pdf */ = {isa = PBXFileReference; lastKnownFileType = image.pdf; path = 06_Phase_3_Implementation_Guide.pdf; sourceTree = "<group>"; };
		D303C04C2F450B6A00BFF60A /* 06_Phase_3_Implementation_Guide_Part2.md */ = {isa = PBXFileReference; lastKnownFileType = net.daringfireball.markdown; path = 06_Phase_3_Implementation_Guide_Part2.md; sourceTree = "<group>"; };
		D303C04D2F450B6A00BFF60A /* 06_Phase_3_Implementation_Guide_Part2.pdf */ = {isa = PBXFileReference; lastKnownFileType = image.pdf; path = 06_Phase_3_Implementation_Guide_Part2.pdf; sourceTree = "<group>"; };
		D303C04E2F450B6A00BFF60A /* 07_Phase_4_Implementation_Guide.md */ = {isa = PBXFileReference; lastKnownFileType = net.daringfireball.markdown; path = 07_Phase_4_Implementation_Guide.md; sourceTree = "<group>"; };
		D303C04F2F450B6A00BFF60A /* 07_Phase_4_Implementation_Guide.pdf */ = {isa = PBXFileReference; lastKnownFileType = image.pdf; path = 07_Phase_4_Implementation_Guide.pdf; sourceTree = "<group>"; };
		D303C0502F450B6A00BFF60A /* 08_Phase_5_Implementation_Guide_Part1.md */ = {isa = PBXFileReference; lastKnownFileType = net.daringfireball.markdown; path = 08_Phase_5_Implementation_Guide_Part1.md; sourceTree = "<group>"; };
		D303C0512F450B6A00BFF60A /* 08_Phase_5_Implementation_Guide_Part1.pdf */ = {isa = PBXFileReference; lastKnownFileType = image.pdf; path = 08_Phase_5_Implementation_Guide_Part1.pdf; sourceTree = "<group>"; };
		D303C0522F450B6A00BFF60A /* 08_Phase_5_Implementation_Guide_Part2.md */ = {isa = PBXFileReference; lastKnownFileType = net.daringfireball.markdown; path = 08_Phase_5_Implementation_Guide_Part2.md; sourceTree = "<group>"; };
		D303C0532F450B6A00BFF60A /* 08_Phase_5_Implementation_Guide_Part2.pdf */ = {isa = PBXFileReference; lastKnownFileType = image.pdf; path = 08_Phase_5_Implementation_Guide_Part2.pdf; sourceTree = "<group>"; };
		D303C0542F450B6A00BFF60A /* 09_Phase_5_Supplement_Sections_11-14.md */ = {isa = PBXFileReference; lastKnownFileType = net.daringfireball.markdown; path = "09_Phase_5_Supplement_Sections_11-14.md"; sourceTree = "<group>"; };
		D303C0552F450B6A00BFF60A /* 09_Phase_5_Supplement_Sections_11-14.pdf */ = {isa = PBXFileReference; lastKnownFileType = image.pdf; path = "09_Phase_5_Supplement_Sections_11-14.pdf"; sourceTree = "<group>"; };
		D303C0562F450B6A00BFF60A /* 10_Phase_5_Supplement_Sections_1-10.md */ = {isa = PBXFileReference; lastKnownFileType = net.daringfireball.markdown; path = "10_Phase_5_Supplement_Sections_1-10.md"; sourceTree = "<group>"; };
		D303C0572F450B6A00BFF60A /* 10_Phase_5_Supplement_Sections_1-10.pdf */ = {isa = PBXFileReference; lastKnownFileType = image.pdf; path = "10_Phase_5_Supplement_Sections_1-10.pdf"; sourceTree = "<group>"; };
		D303C0582F450B6A00BFF60A /* 10_Phase_6_Implementation_Guide_Part1.md */ = {isa = PBXFileReference; lastKnownFileType = net.daringfireball.markdown; path = 10_Phase_6_Implementation_Guide_Part1.md; sourceTree = "<group>"; };
		D303C0592F450B6A00BFF60A /* 10_Phase_6_Implementation_Guide_Part1.pdf */ = {isa = PBXFileReference; lastKnownFileType = image.pdf; path = 10_Phase_6_Implementation_Guide_Part1.pdf; sourceTree = "<group>"; };
		D303C05A2F450B6A00BFF60A /* 10_Phase_6_Implementation_Guide_Part2.md */ = {isa = PBXFileReference; lastKnownFileType = net.daringfireball.markdown; path = 10_Phase_6_Implementation_Guide_Part2.md; sourceTree = "<group>"; };
		D303C05B2F450B6A00BFF60A /* 10_Phase_6_Implementation_Guide_Part2.pdf */ = {isa = PBXFileReference; lastKnownFileType = image.pdf; path = 10_Phase_6_Implementation_Guide_Part2.pdf; sourceTree = "<group>"; };
		D303C05C2F450B6A00BFF60A /* 10_Phase_6_Implementation_Guide_Part3.md */ = {isa = PBXFileReference; lastKnownFileType = net.daringfireball.markdown; path = 10_Phase_6_Implementation_Guide_Part3.md; sourceTree = "<group>"; };
		D303C05D2F450B6A00BFF60A /* 10_Phase_6_Implementation_Guide_Part3.pdf */ = {isa = PBXFileReference; lastKnownFileType = image.pdf; path = 10_Phase_6_Implementation_Guide_Part3.pdf; sourceTree = "<group>"; };
		D303C05E2F450B6A00BFF60A /* 11_Phase_6-5_Purchase_Management_Part1.md */ = {isa = PBXFileReference; lastKnownFileType = net.daringfireball.markdown; path = "11_Phase_6-5_Purchase_Management_Part1.md"; sourceTree = "<group>"; };
		D303C05F2F450B6A00BFF60A /* 11_Phase_6-5_Purchase_Management_Part1.pdf */ = {isa = PBXFileReference; lastKnownFileType = image.pdf; path = "11_Phase_6-5_Purchase_Management_Part1.pdf"; sourceTree = "<group>"; };
		D303C0602F450B6A00BFF60A /* 11_Phase_6-5_Purchase_Management_Part2.md */ = {isa = PBXFileReference; lastKnownFileType = net.daringfireball.markdown; path = "11_Phase_6-5_Purchase_Management_Part2.md"; sourceTree = "<group>"; };
		D303C0612F450B6A00BFF60A /* 11_Phase_6-5_Purchase_Management_Part2.pdf */ = {isa = PBXFileReference; lastKnownFileType = image.pdf; path = "11_Phase_6-5_Purchase_Management_Part2.pdf"; sourceTree = "<group>"; };
		D303C0622F450B6A00BFF60A /* 11_Phase_6-5_Purchase_Management_Part3.md */ = {isa = PBXFileReference; lastKnownFileType = net.daringfireball.markdown; path = "11_Phase_6-5_Purchase_Management_Part3.md"; sourceTree = "<group>"; };
		D303C0632F450B6A00BFF60A /* 11_Phase_6-5_Purchase_Management_Part3.pdf */ = {isa = PBXFileReference; lastKnownFileType = image.pdf; path = "11_Phase_6-5_Purchase_Management_Part3.pdf"; sourceTree = "<group>"; };
		D303C0642F450B6A00BFF60A /* AGENTS.md */ = {isa = PBXFileReference; lastKnownFileType = net.daringfireball.markdown; path = AGENTS.md; sourceTree = "<group>"; };
		D303C0652F450B6A00BFF60A /* Backend_Requirements_Phase3_Authentication.md */ = {isa = PBXFileReference; lastKnownFileType = net.daringfireball.markdown; path = Backend_Requirements_Phase3_Authentication.md; sourceTree = "<group>"; };
		D3C3714B2F32DFD100C09FB4 /* ChristmasTracker.app */ = {isa = PBXFileReference; explicitFileType = wrapper.application; includeInIndex = 0; path = ChristmasTracker.app; sourceTree = BUILT_PRODUCTS_DIR; };
		D3C371582F32DFD100C09FB4 /* ChristmasTrackerTests.xctest */ = {isa = PBXFileReference; explicitFileType = wrapper.cfbundle; includeInIndex = 0; path = ChristmasTrackerTests.xctest; sourceTree = BUILT_PRODUCTS_DIR; };
		D3C371622F32DFD100C09FB4 /* ChristmasTrackerUITests.xctest */ = {isa = PBXFileReference; explicitFileType = wrapper.cfbundle; includeInIndex = 0; path = ChristmasTrackerUITests.xctest; sourceTree = BUILT_PRODUCTS_DIR; };
/* End PBXFileReference section */

/* Begin PBXFileSystemSynchronizedBuildFileExceptionSet section */
		D3C371852F32E4BF00C09FB4 /* Exceptions for "ChristmasTracker" folder in "ChristmasTracker" target */ = {
			isa = PBXFileSystemSynchronizedBuildFileExceptionSet;
			membershipExceptions = (
				Info.plist,
			);
			target = D3C3714A2F32DFD100C09FB4 /* ChristmasTracker */;
		};
/* End PBXFileSystemSynchronizedBuildFileExceptionSet section */

/* Begin PBXFileSystemSynchronizedRootGroup section */
		D3C3714D2F32DFD100C09FB4 /* ChristmasTracker */ = {
			isa = PBXFileSystemSynchronizedRootGroup;
			exceptions = (
				D3C371852F32E4BF00C09FB4 /* Exceptions for "ChristmasTracker" folder in "ChristmasTracker" target */,
			);
			path = ChristmasTracker;
			sourceTree = "<group>";
		};
		D3C3715B2F32DFD100C09FB4 /* ChristmasTrackerTests */ = {
			isa = PBXFileSystemSynchronizedRootGroup;
			path = ChristmasTrackerTests;
			sourceTree = "<group>";
		};
		D3C371652F32DFD100C09FB4 /* ChristmasTrackerUITests */ = {
			isa = PBXFileSystemSynchronizedRootGroup;
			path = ChristmasTrackerUITests;
			sourceTree = "<group>";
		};
/* End PBXFileSystemSynchronizedRootGroup section */

/* Begin PBXFrameworksBuildPhase section */
		D3C371482F32DFD100C09FB4 /* Frameworks */ = {
			isa = PBXFrameworksBuildPhase;
			buildActionMask = 2147483647;
			files = (
				D3C371D42F357BEE00C09FB4 /* NewRelic in Frameworks */,
				D3C371D72F357C3000C09FB4 /* SentrySwiftUI in Frameworks */,
			);
			runOnlyForDeploymentPostprocessing = 0;
		};
		D3C371552F32DFD100C09FB4 /* Frameworks */ = {
			isa = PBXFrameworksBuildPhase;
			buildActionMask = 2147483647;
			files = (
			);
			runOnlyForDeploymentPostprocessing = 0;
		};
		D3C3715F2F32DFD100C09FB4 /* Frameworks */ = {
			isa = PBXFrameworksBuildPhase;
			buildActionMask = 2147483647;
			files = (
			);
			runOnlyForDeploymentPostprocessing = 0;
		};
/* End PBXFrameworksBuildPhase section */

/* Begin PBXGroup section */
		D303C0662F450B6A00BFF60A /* Docs */ = {
			isa = PBXGroup;
			children = (
				D303C03E2F450B6A00BFF60A /* 00_Implementation_Phases_Overview.md */,
				D303C03F2F450B6A00BFF60A /* 00_Implementation_Phases_Overview.pdf */,
				D303C0402F450B6A00BFF60A /* 01_Architecture_Decision_Record.md */,
				D303C0412F450B6A00BFF60A /* 01_Architecture_Decision_Record.pdf */,
				D303C0422F450B6A00BFF60A /* 02_Project_Structure_Blueprint.md */,
				D303C0432F450B6A00BFF60A /* 02_Project_Structure_Blueprint.pdf */,
				D303C0442F450B6A00BFF60A /* 03_Design_System_Specification.md */,
				D303C0452F450B6A00BFF60A /* 03_Design_System_Specification.pdf */,
				D303C0462F450B6A00BFF60A /* 04_Phase_1_Implementation_Guide.md */,
				D303C0472F450B6A00BFF60A /* 04_Phase_1_Implementation_Guide.pdf */,
				D303C0482F450B6A00BFF60A /* 05_Phase_2_Implementation_Guide.md */,
				D303C0492F450B6A00BFF60A /* 05_Phase_2_Implementation_Guide.pdf */,
				D303C04A2F450B6A00BFF60A /* 06_Phase_3_Implementation_Guide.md */,
				D303C04B2F450B6A00BFF60A /* 06_Phase_3_Implementation_Guide.pdf */,
				D303C04C2F450B6A00BFF60A /* 06_Phase_3_Implementation_Guide_Part2.md */,
				D303C04D2F450B6A00BFF60A /* 06_Phase_3_Implementation_Guide_Part2.pdf */,
				D303C04E2F450B6A00BFF60A /* 07_Phase_4_Implementation_Guide.md */,
				D303C04F2F450B6A00BFF60A /* 07_Phase_4_Implementation_Guide.pdf */,
				D303C0502F450B6A00BFF60A /* 08_Phase_5_Implementation_Guide_Part1.md */,
				D303C0512F450B6A00BFF60A /* 08_Phase_5_Implementation_Guide_Part1.pdf */,
				D303C0522F450B6A00BFF60A /* 08_Phase_5_Implementation_Guide_Part2.md */,
				D303C0532F450B6A00BFF60A /* 08_Phase_5_Implementation_Guide_Part2.pdf */,
				D303C0542F450B6A00BFF60A /* 09_Phase_5_Supplement_Sections_11-14.md */,
				D303C0552F450B6A00BFF60A /* 09_Phase_5_Supplement_Sections_11-14.pdf */,
				D303C0562F450B6A00BFF60A /* 10_Phase_5_Supplement_Sections_1-10.md */,
				D303C0572F450B6A00BFF60A /* 10_Phase_5_Supplement_Sections_1-10.pdf */,
				D303C0582F450B6A00BFF60A /* 10_Phase_6_Implementation_Guide_Part1.md */,
				D303C0592F450B6A00BFF60A /* 10_Phase_6_Implementation_Guide_Part1.pdf */,
				D303C05A2F450B6A00BFF60A /* 10_Phase_6_Implementation_Guide_Part2.md */,
				D303C05B2F450B6A00BFF60A /* 10_Phase_6_Implementation_Guide_Part2.pdf */,
				D303C05C2F450B6A00BFF60A /* 10_Phase_6_Implementation_Guide_Part3.md */,
				D303C05D2F450B6A00BFF60A /* 10_Phase_6_Implementation_Guide_Part3.pdf */,
				D303C05E2F450B6A00BFF60A /* 11_Phase_6-5_Purchase_Management_Part1.md */,
				D303C05F2F450B6A00BFF60A /* 11_Phase_6-5_Purchase_Management_Part1.pdf */,
				D303C0602F450B6A00BFF60A /* 11_Phase_6-5_Purchase_Management_Part2.md */,
				D303C0612F450B6A00BFF60A /* 11_Phase_6-5_Purchase_Management_Part2.pdf */,
				D303C0622F450B6A00BFF60A /* 11_Phase_6-5_Purchase_Management_Part3.md */,
				D303C0632F450B6A00BFF60A /* 11_Phase_6-5_Purchase_Management_Part3.pdf */,
				D303C0642F450B6A00BFF60A /* AGENTS.md */,
				D303C0652F450B6A00BFF60A /* Backend_Requirements_Phase3_Authentication.md */,
			);
			name = Docs;
			path = ../Docs;
			sourceTree = SOURCE_ROOT;
		};
		D3C371422F32DFD100C09FB4 = {
			isa = PBXGroup;
			children = (
				D3C3714D2F32DFD100C09FB4 /* ChristmasTracker */,
				D3C3715B2F32DFD100C09FB4 /* ChristmasTrackerTests */,
				D3C371652F32DFD100C09FB4 /* ChristmasTrackerUITests */,
				D3C3714C2F32DFD100C09FB4 /* Products */,
				D303C0662F450B6A00BFF60A /* Docs */,
			);
			sourceTree = "<group>";
		};
		D3C3714C2F32DFD100C09FB4 /* Products */ = {
			isa = PBXGroup;
			children = (
				D3C3714B2F32DFD100C09FB4 /* ChristmasTracker.app */,
				D3C371582F32DFD100C09FB4 /* ChristmasTrackerTests.xctest */,
				D3C371622F32DFD100C09FB4 /* ChristmasTrackerUITests.xctest */,
			);
			name = Products;
			sourceTree = "<group>";
		};
/* End PBXGroup section */

/* Begin PBXNativeTarget section */
		D3C3714A2F32DFD100C09FB4 /* ChristmasTracker */ = {
			isa = PBXNativeTarget;
			buildConfigurationList = D3C3716C2F32DFD100C09FB4 /* Build configuration list for PBXNativeTarget "ChristmasTracker" */;
			buildPhases = (
				D3C371472F32DFD100C09FB4 /* Sources */,
				D3C371482F32DFD100C09FB4 /* Frameworks */,
				D3C371492F32DFD100C09FB4 /* Resources */,
			);
			buildRules = (
			);
			dependencies = (
			);
			fileSystemSynchronizedGroups = (
				D3C3714D2F32DFD100C09FB4 /* ChristmasTracker */,
			);
			name = ChristmasTracker;
			packageProductDependencies = (
				D3C371D32F357BEE00C09FB4 /* NewRelic */,
				D3C371D62F357C3000C09FB4 /* SentrySwiftUI */,
			);
			productName = ChristmasTracker;
			productReference = D3C3714B2F32DFD100C09FB4 /* ChristmasTracker.app */;
			productType = "com.apple.product-type.application";
		};
		D3C371572F32DFD100C09FB4 /* ChristmasTrackerTests */ = {
			isa = PBXNativeTarget;
			buildConfigurationList = D3C3716F2F32DFD100C09FB4 /* Build configuration list for PBXNativeTarget "ChristmasTrackerTests" */;
			buildPhases = (
				D3C371542F32DFD100C09FB4 /* Sources */,
				D3C371552F32DFD100C09FB4 /* Frameworks */,
				D3C371562F32DFD100C09FB4 /* Resources */,
			);
			buildRules = (
			);
			dependencies = (
				D3C3715A2F32DFD100C09FB4 /* PBXTargetDependency */,
			);
			fileSystemSynchronizedGroups = (
				D3C3715B2F32DFD100C09FB4 /* ChristmasTrackerTests */,
			);
			name = ChristmasTrackerTests;
			packageProductDependencies = (
			);
			productName = ChristmasTrackerTests;
			productReference = D3C371582F32DFD100C09FB4 /* ChristmasTrackerTests.xctest */;
			productType = "com.apple.product-type.bundle.unit-test";
		};
		D3C371612F32DFD100C09FB4 /* ChristmasTrackerUITests */ = {
			isa = PBXNativeTarget;
			buildConfigurationList = D3C371722F32DFD100C09FB4 /* Build configuration list for PBXNativeTarget "ChristmasTrackerUITests" */;
			buildPhases = (
				D3C3715E2F32DFD100C09FB4 /* Sources */,
				D3C3715F2F32DFD100C09FB4 /* Frameworks */,
				D3C371602F32DFD100C09FB4 /* Resources */,
			);
			buildRules = (
			);
			dependencies = (
				D3C371642F32DFD100C09FB4 /* PBXTargetDependency */,
			);
			fileSystemSynchronizedGroups = (
				D3C371652F32DFD100C09FB4 /* ChristmasTrackerUITests */,
			);
			name = ChristmasTrackerUITests;
			packageProductDependencies = (
			);
			productName = ChristmasTrackerUITests;
			productReference = D3C371622F32DFD100C09FB4 /* ChristmasTrackerUITests.xctest */;
			productType = "com.apple.product-type.bundle.ui-testing";
		};
/* End PBXNativeTarget section */

/* Begin PBXProject section */
		D3C371432F32DFD100C09FB4 /* Project object */ = {
			isa = PBXProject;
			attributes = {
				BuildIndependentTargetsInParallel = 1;
				LastSwiftUpdateCheck = 2620;
				LastUpgradeCheck = 2620;
				TargetAttributes = {
					D3C3714A2F32DFD100C09FB4 = {
						CreatedOnToolsVersion = 26.2;
					};
					D3C371572F32DFD100C09FB4 = {
						CreatedOnToolsVersion = 26.2;
						TestTargetID = D3C3714A2F32DFD100C09FB4;
					};
					D3C371612F32DFD100C09FB4 = {
						CreatedOnToolsVersion = 26.2;
						TestTargetID = D3C3714A2F32DFD100C09FB4;
					};
				};
			};
			buildConfigurationList = D3C371462F32DFD100C09FB4 /* Build configuration list for PBXProject "ChristmasTracker" */;
			developmentRegion = en;
			hasScannedForEncodings = 0;
			knownRegions = (
				en,
				Base,
			);
			mainGroup = D3C371422F32DFD100C09FB4;
			minimizedProjectReferenceProxies = 1;
			packageReferences = (
				D3C371D22F357BEE00C09FB4 /* XCRemoteSwiftPackageReference "newrelic-ios-agent-spm" */,
				D3C371D52F357C3000C09FB4 /* XCRemoteSwiftPackageReference "sentry-cocoa" */,
			);
			preferredProjectObjectVersion = 77;
			productRefGroup = D3C3714C2F32DFD100C09FB4 /* Products */;
			projectDirPath = "";
			projectRoot = "";
			targets = (
				D3C3714A2F32DFD100C09FB4 /* ChristmasTracker */,
				D3C371572F32DFD100C09FB4 /* ChristmasTrackerTests */,
				D3C371612F32DFD100C09FB4 /* ChristmasTrackerUITests */,
			);
		};
/* End PBXProject section */

/* Begin PBXResourcesBuildPhase section */
		D3C371492F32DFD100C09FB4 /* Resources */ = {
			isa = PBXResourcesBuildPhase;
			buildActionMask = 2147483647;
			files = (
				D303C0672F450B6A00BFF60A /* 06_Phase_3_Implementation_Guide_Part2.pdf in Resources */,
				D303C0682F450B6A00BFF60A /* 11_Phase_6-5_Purchase_Management_Part2.pdf in Resources */,
				D303C0692F450B6A00BFF60A /* AGENTS.md in Resources */,
				D303C06A2F450B6A00BFF60A /* 02_Project_Structure_Blueprint.pdf in Resources */,
				D303C06B2F450B6A00BFF60A /* 07_Phase_4_Implementation_Guide.pdf in Resources */,
				D303C06C2F450B6A00BFF60A /* 10_Phase_6_Implementation_Guide_Part1.md in Resources */,
				D303C06D2F450B6A00BFF60A /* 04_Phase_1_Implementation_Guide.md in Resources */,
				D303C06E2F450B6A00BFF60A /* 03_Design_System_Specification.pdf in Resources */,
				D303C06F2F450B6A00BFF60A /* 08_Phase_5_Implementation_Guide_Part1.pdf in Resources */,
				D303C0702F450B6A00BFF60A /* 05_Phase_2_Implementation_Guide.md in Resources */,
				D303C0712F450B6A00BFF60A /* 06_Phase_3_Implementation_Guide.pdf in Resources */,
				D303C0722F450B6A00BFF60A /* Backend_Requirements_Phase3_Authentication.md in Resources */,
				D303C0732F450B6A00BFF60A /* 08_Phase_5_Implementation_Guide_Part1.md in Resources */,
				D303C0742F450B6A00BFF60A /* 01_Architecture_Decision_Record.md in Resources */,
				D303C0752F450B6A00BFF60A /* 11_Phase_6-5_Purchase_Management_Part3.pdf in Resources */,
				D303C0762F450B6A00BFF60A /* 11_Phase_6-5_Purchase_Management_Part1.pdf in Resources */,
				D303C0772F450B6A00BFF60A /* 09_Phase_5_Supplement_Sections_11-14.pdf in Resources */,
				D303C0782F450B6A00BFF60A /* 10_Phase_6_Implementation_Guide_Part2.md in Resources */,
				D303C0792F450B6A00BFF60A /* 10_Phase_6_Implementation_Guide_Part2.pdf in Resources */,
				D303C07A2F450B6A00BFF60A /* 07_Phase_4_Implementation_Guide.md in Resources */,
				D303C07B2F450B6A00BFF60A /* 10_Phase_6_Implementation_Guide_Part1.pdf in Resources */,
				D303C07C2F450B6A00BFF60A /* 01_Architecture_Decision_Record.pdf in Resources */,
				D303C07D2F450B6A00BFF60A /* 02_Project_Structure_Blueprint.md in Resources */,
				D303C07E2F450B6A00BFF60A /* 08_Phase_5_Implementation_Guide_Part2.md in Resources */,
				D303C07F2F450B6A00BFF60A /* 05_Phase_2_Implementation_Guide.pdf in Resources */,
				D303C0802F450B6A00BFF60A /* 00_Implementation_Phases_Overview.md in Resources */,
				D303C0812F450B6A00BFF60A /* 10_Phase_5_Supplement_Sections_1-10.md in Resources */,
				D303C0822F450B6A00BFF60A /* 10_Phase_5_Supplement_Sections_1-10.pdf in Resources */,
				D303C0832F450B6A00BFF60A /* 06_Phase_3_Implementation_Guide_Part2.md in Resources */,
				D303C0842F450B6A00BFF60A /* 10_Phase_6_Implementation_Guide_Part3.pdf in Resources */,
				D303C0852F450B6A00BFF60A /* 11_Phase_6-5_Purchase_Management_Part3.md in Resources */,
				D303C0862F450B6A00BFF60A /* 04_Phase_1_Implementation_Guide.pdf in Resources */,
				D303C0872F450B6A00BFF60A /* 03_Design_System_Specification.md in Resources */,
				D303C0882F450B6A00BFF60A /* 11_Phase_6-5_Purchase_Management_Part2.md in Resources */,
				D303C0892F450B6A00BFF60A /* 10_Phase_6_Implementation_Guide_Part3.md in Resources */,
				D303C08A2F450B6A00BFF60A /* 08_Phase_5_Implementation_Guide_Part2.pdf in Resources */,
				D303C08B2F450B6A00BFF60A /* 09_Phase_5_Supplement_Sections_11-14.md in Resources */,
				D303C08C2F450B6A00BFF60A /* 11_Phase_6-5_Purchase_Management_Part1.md in Resources */,
				D303C08D2F450B6A00BFF60A /* 06_Phase_3_Implementation_Guide.md in Resources */,
				D303C08E2F450B6A00BFF60A /* 00_Implementation_Phases_Overview.pdf in Resources */,
			);
			runOnlyForDeploymentPostprocessing = 0;
		};
		D3C371562F32DFD100C09FB4 /* Resources */ = {
			isa = PBXResourcesBuildPhase;
			buildActionMask = 2147483647;
			files = (
			);
			runOnlyForDeploymentPostprocessing = 0;
		};
		D3C371602F32DFD100C09FB4 /* Resources */ = {
			isa = PBXResourcesBuildPhase;
			buildActionMask = 2147483647;
			files = (
			);
			runOnlyForDeploymentPostprocessing = 0;
		};
/* End PBXResourcesBuildPhase section */

/* Begin PBXSourcesBuildPhase section */
		D3C371472F32DFD100C09FB4 /* Sources */ = {
			isa = PBXSourcesBuildPhase;
			buildActionMask = 2147483647;
			files = (
			);
			runOnlyForDeploymentPostprocessing = 0;
		};
		D3C371542F32DFD100C09FB4 /* Sources */ = {
			isa = PBXSourcesBuildPhase;
			buildActionMask = 2147483647;
			files = (
			);
			runOnlyForDeploymentPostprocessing = 0;
		};
		D3C3715E2F32DFD100C09FB4 /* Sources */ = {
			isa = PBXSourcesBuildPhase;
			buildActionMask = 2147483647;
			files = (
			);
			runOnlyForDeploymentPostprocessing = 0;
		};
/* End PBXSourcesBuildPhase section */

/* Begin PBXTargetDependency section */
		D3C3715A2F32DFD100C09FB4 /* PBXTargetDependency */ = {
			isa = PBXTargetDependency;
			target = D3C3714A2F32DFD100C09FB4 /* ChristmasTracker */;
			targetProxy = D3C371592F32DFD100C09FB4 /* PBXContainerItemProxy */;
		};
		D3C371642F32DFD100C09FB4 /* PBXTargetDependency */ = {
			isa = PBXTargetDependency;
			target = D3C3714A2F32DFD100C09FB4 /* ChristmasTracker */;
			targetProxy = D3C371632F32DFD100C09FB4 /* PBXContainerItemProxy */;
		};
/* End PBXTargetDependency section */

/* Begin XCBuildConfiguration section */
		D3C3716A2F32DFD100C09FB4 /* Debug */ = {
			isa = XCBuildConfiguration;
			baseConfigurationReferenceAnchor = D3C3714D2F32DFD100C09FB4 /* ChristmasTracker */;
			baseConfigurationReferenceRelativePath = "Config/Config-Debug.xcconfig";
			buildSettings = {
				ALWAYS_SEARCH_USER_PATHS = NO;
				ASSETCATALOG_COMPILER_GENERATE_SWIFT_ASSET_SYMBOL_EXTENSIONS = YES;
				CLANG_ANALYZER_NONNULL = YES;
				CLANG_ANALYZER_NUMBER_OBJECT_CONVERSION = YES_AGGRESSIVE;
				CLANG_CXX_LANGUAGE_STANDARD = "gnu++20";
				CLANG_ENABLE_MODULES = YES;
				CLANG_ENABLE_OBJC_ARC = YES;
				CLANG_ENABLE_OBJC_WEAK = YES;
				CLANG_WARN_BLOCK_CAPTURE_AUTORELEASING = YES;
				CLANG_WARN_BOOL_CONVERSION = YES;
				CLANG_WARN_COMMA = YES;
				CLANG_WARN_CONSTANT_CONVERSION = YES;
				CLANG_WARN_DEPRECATED_OBJC_IMPLEMENTATIONS = YES;
				CLANG_WARN_DIRECT_OBJC_ISA_USAGE = YES_ERROR;
				CLANG_WARN_DOCUMENTATION_COMMENTS = YES;
				CLANG_WARN_EMPTY_BODY = YES;
				CLANG_WARN_ENUM_CONVERSION = YES;
				CLANG_WARN_INFINITE_RECURSION = YES;
				CLANG_WARN_INT_CONVERSION = YES;
				CLANG_WARN_NON_LITERAL_NULL_CONVERSION = YES;
				CLANG_WARN_OBJC_IMPLICIT_RETAIN_SELF = YES;
				CLANG_WARN_OBJC_LITERAL_CONVERSION = YES;
				CLANG_WARN_OBJC_ROOT_CLASS = YES_ERROR;
				CLANG_WARN_QUOTED_INCLUDE_IN_FRAMEWORK_HEADER = YES;
				CLANG_WARN_RANGE_LOOP_ANALYSIS = YES;
				CLANG_WARN_STRICT_PROTOTYPES = YES;
				CLANG_WARN_SUSPICIOUS_MOVE = YES;
				CLANG_WARN_UNGUARDED_AVAILABILITY = YES_AGGRESSIVE;
				CLANG_WARN_UNREACHABLE_CODE = YES;
				CLANG_WARN__DUPLICATE_METHOD_MATCH = YES;
				COPY_PHASE_STRIP = NO;
				DEBUG_INFORMATION_FORMAT = dwarf;
				DEVELOPMENT_TEAM = 2W5W9XTGL6;
				ENABLE_STRICT_OBJC_MSGSEND = YES;
				ENABLE_TESTABILITY = YES;
				ENABLE_USER_SCRIPT_SANDBOXING = YES;
				GCC_C_LANGUAGE_STANDARD = gnu17;
				GCC_DYNAMIC_NO_PIC = NO;
				GCC_NO_COMMON_BLOCKS = YES;
				GCC_OPTIMIZATION_LEVEL = 0;
				GCC_PREPROCESSOR_DEFINITIONS = (
					"DEBUG=1",
					"$(inherited)",
				);
				GCC_WARN_64_TO_32_BIT_CONVERSION = YES;
				GCC_WARN_ABOUT_RETURN_TYPE = YES_ERROR;
				GCC_WARN_UNDECLARED_SELECTOR = YES;
				GCC_WARN_UNINITIALIZED_AUTOS = YES_AGGRESSIVE;
				GCC_WARN_UNUSED_FUNCTION = YES;
				GCC_WARN_UNUSED_VARIABLE = YES;
				IPHONEOS_DEPLOYMENT_TARGET = 26.2;
				LOCALIZATION_PREFERS_STRING_CATALOGS = YES;
				MTL_ENABLE_DEBUG_INFO = INCLUDE_SOURCE;
				MTL_FAST_MATH = YES;
				ONLY_ACTIVE_ARCH = YES;
				SDKROOT = iphoneos;
				SWIFT_ACTIVE_COMPILATION_CONDITIONS = "DEBUG $(inherited)";
				SWIFT_OPTIMIZATION_LEVEL = "-Onone";
			};
			name = Debug;
		};
		D3C3716B2F32DFD100C09FB4 /* Release */ = {
			isa = XCBuildConfiguration;
			baseConfigurationReferenceAnchor = D3C3714D2F32DFD100C09FB4 /* ChristmasTracker */;
			baseConfigurationReferenceRelativePath = Config/Config.xcconfig;
			buildSettings = {
				ALWAYS_SEARCH_USER_PATHS = NO;
				ASSETCATALOG_COMPILER_GENERATE_SWIFT_ASSET_SYMBOL_EXTENSIONS = YES;
				CLANG_ANALYZER_NONNULL = YES;
				CLANG_ANALYZER_NUMBER_OBJECT_CONVERSION = YES_AGGRESSIVE;
				CLANG_CXX_LANGUAGE_STANDARD = "gnu++20";
				CLANG_ENABLE_MODULES = YES;
				CLANG_ENABLE_OBJC_ARC = YES;
				CLANG_ENABLE_OBJC_WEAK = YES;
				CLANG_WARN_BLOCK_CAPTURE_AUTORELEASING = YES;
				CLANG_WARN_BOOL_CONVERSION = YES;
				CLANG_WARN_COMMA = YES;
				CLANG_WARN_CONSTANT_CONVERSION = YES;
				CLANG_WARN_DEPRECATED_OBJC_IMPLEMENTATIONS = YES;
				CLANG_WARN_DIRECT_OBJC_ISA_USAGE = YES_ERROR;
				CLANG_WARN_DOCUMENTATION_COMMENTS = YES;
				CLANG_WARN_EMPTY_BODY = YES;
				CLANG_WARN_ENUM_CONVERSION = YES;
				CLANG_WARN_INFINITE_RECURSION = YES;
				CLANG_WARN_INT_CONVERSION = YES;
				CLANG_WARN_NON_LITERAL_NULL_CONVERSION = YES;
				CLANG_WARN_OBJC_IMPLICIT_RETAIN_SELF = YES;
				CLANG_WARN_OBJC_LITERAL_CONVERSION = YES;
				CLANG_WARN_OBJC_ROOT_CLASS = YES_ERROR;
				CLANG_WARN_QUOTED_INCLUDE_IN_FRAMEWORK_HEADER = YES;
				CLANG_WARN_RANGE_LOOP_ANALYSIS = YES;
				CLANG_WARN_STRICT_PROTOTYPES = YES;
				CLANG_WARN_SUSPICIOUS_MOVE = YES;
				CLANG_WARN_UNGUARDED_AVAILABILITY = YES_AGGRESSIVE;
				CLANG_WARN_UNREACHABLE_CODE = YES;
				CLANG_WARN__DUPLICATE_METHOD_MATCH = YES;
				COPY_PHASE_STRIP = NO;
				DEBUG_INFORMATION_FORMAT = "dwarf-with-dsym";
				DEVELOPMENT_TEAM = 2W5W9XTGL6;
				ENABLE_NS_ASSERTIONS = NO;
				ENABLE_STRICT_OBJC_MSGSEND = YES;
				ENABLE_USER_SCRIPT_SANDBOXING = YES;
				GCC_C_LANGUAGE_STANDARD = gnu17;
				GCC_NO_COMMON_BLOCKS = YES;
				GCC_WARN_64_TO_32_BIT_CONVERSION = YES;
				GCC_WARN_ABOUT_RETURN_TYPE = YES_ERROR;
				GCC_WARN_UNDECLARED_SELECTOR = YES;
				GCC_WARN_UNINITIALIZED_AUTOS = YES_AGGRESSIVE;
				GCC_WARN_UNUSED_FUNCTION = YES;
				GCC_WARN_UNUSED_VARIABLE = YES;
				IPHONEOS_DEPLOYMENT_TARGET = 26.2;
				LOCALIZATION_PREFERS_STRING_CATALOGS = YES;
				MTL_ENABLE_DEBUG_INFO = NO;
				MTL_FAST_MATH = YES;
				SDKROOT = iphoneos;
				SWIFT_COMPILATION_MODE = wholemodule;
				VALIDATE_PRODUCT = YES;
			};
			name = Release;
		};
		D3C3716D2F32DFD100C09FB4 /* Debug */ = {
			isa = XCBuildConfiguration;
			baseConfigurationReferenceAnchor = D3C3714D2F32DFD100C09FB4 /* ChristmasTracker */;
			baseConfigurationReferenceRelativePath = "Config/Config-Debug.xcconfig";
			buildSettings = {
				ASSETCATALOG_COMPILER_APPICON_NAME = AppIcon;
				ASSETCATALOG_COMPILER_GLOBAL_ACCENT_COLOR_NAME = AccentColor;
				CODE_SIGN_STYLE = Automatic;
				CURRENT_PROJECT_VERSION = 1;
				DEVELOPMENT_TEAM = 2W5W9XTGL6;
				ENABLE_PREVIEWS = YES;
				GENERATE_INFOPLIST_FILE = YES;
				INFOPLIST_FILE = ChristmasTracker/Info.plist;
				INFOPLIST_KEY_LSApplicationCategoryType = "public.app-category.productivity";
				INFOPLIST_KEY_UIApplicationSceneManifest_Generation = YES;
				INFOPLIST_KEY_UIApplicationSupportsIndirectInputEvents = YES;
				INFOPLIST_KEY_UILaunchScreen_Generation = YES;
				INFOPLIST_KEY_UIStatusBarStyle = "";
				INFOPLIST_KEY_UISupportedInterfaceOrientations_iPad = "UIInterfaceOrientationPortrait UIInterfaceOrientationPortraitUpsideDown UIInterfaceOrientationLandscapeLeft UIInterfaceOrientationLandscapeRight";
				INFOPLIST_KEY_UISupportedInterfaceOrientations_iPhone = "UIInterfaceOrientationPortrait UIInterfaceOrientationLandscapeLeft UIInterfaceOrientationLandscapeRight";
				IPHONEOS_DEPLOYMENT_TARGET = 26.0;
				LD_RUNPATH_SEARCH_PATHS = (
					"$(inherited)",
					"@executable_path/Frameworks",
				);
				MARKETING_VERSION = 1.0;
				"OTHER_SWIFT_FLAGS[arch=*]" = " -strict-concurrency=complete";
				PRODUCT_BUNDLE_IDENTIFIER = com.bmalberta.com.ChristmasTracker;
				PRODUCT_NAME = "$(TARGET_NAME)";
				STRING_CATALOG_GENERATE_SYMBOLS = YES;
				SWIFT_APPROACHABLE_CONCURRENCY = YES;
				SWIFT_DEFAULT_ACTOR_ISOLATION = MainActor;
				SWIFT_EMIT_LOC_STRINGS = YES;
				SWIFT_UPCOMING_FEATURE_MEMBER_IMPORT_VISIBILITY = YES;
				SWIFT_VERSION = 6.0;
				TARGETED_DEVICE_FAMILY = "1,2";
			};
			name = Debug;
		};
		D3C3716E2F32DFD100C09FB4 /* Release */ = {
			isa = XCBuildConfiguration;
			buildSettings = {
				ASSETCATALOG_COMPILER_APPICON_NAME = AppIcon;
				ASSETCATALOG_COMPILER_GLOBAL_ACCENT_COLOR_NAME = AccentColor;
				CODE_SIGN_STYLE = Automatic;
				CURRENT_PROJECT_VERSION = 1;
				DEVELOPMENT_TEAM = 2W5W9XTGL6;
				ENABLE_PREVIEWS = YES;
				GENERATE_INFOPLIST_FILE = YES;
				INFOPLIST_FILE = ChristmasTracker/Info.plist;
				INFOPLIST_KEY_LSApplicationCategoryType = "public.app-category.productivity";
				INFOPLIST_KEY_UIApplicationSceneManifest_Generation = YES;
				INFOPLIST_KEY_UIApplicationSupportsIndirectInputEvents = YES;
				INFOPLIST_KEY_UILaunchScreen_Generation = YES;
				INFOPLIST_KEY_UIStatusBarStyle = "";
				INFOPLIST_KEY_UISupportedInterfaceOrientations_iPad = "UIInterfaceOrientationPortrait UIInterfaceOrientationPortraitUpsideDown UIInterfaceOrientationLandscapeLeft UIInterfaceOrientationLandscapeRight";
				INFOPLIST_KEY_UISupportedInterfaceOrientations_iPhone = "UIInterfaceOrientationPortrait UIInterfaceOrientationLandscapeLeft UIInterfaceOrientationLandscapeRight";
				IPHONEOS_DEPLOYMENT_TARGET = 26.0;
				LD_RUNPATH_SEARCH_PATHS = (
					"$(inherited)",
					"@executable_path/Frameworks",
				);
				MARKETING_VERSION = 1.0;
				"OTHER_SWIFT_FLAGS[arch=*]" = " -strict-concurrency=complete";
				PRODUCT_BUNDLE_IDENTIFIER = com.bmalberta.com.ChristmasTracker;
				PRODUCT_NAME = "$(TARGET_NAME)";
				STRING_CATALOG_GENERATE_SYMBOLS = YES;
				SWIFT_APPROACHABLE_CONCURRENCY = YES;
				SWIFT_DEFAULT_ACTOR_ISOLATION = MainActor;
				SWIFT_EMIT_LOC_STRINGS = YES;
				SWIFT_UPCOMING_FEATURE_MEMBER_IMPORT_VISIBILITY = YES;
				SWIFT_VERSION = 6.0;
				TARGETED_DEVICE_FAMILY = "1,2";
			};
			name = Release;
		};
		D3C371702F32DFD100C09FB4 /* Debug */ = {
			isa = XCBuildConfiguration;
			baseConfigurationReferenceAnchor = D3C3714D2F32DFD100C09FB4 /* ChristmasTracker */;
			baseConfigurationReferenceRelativePath = "Config/Config-Debug.xcconfig";
			buildSettings = {
				BUNDLE_LOADER = "$(TEST_HOST)";
				CODE_SIGN_STYLE = Automatic;
				CURRENT_PROJECT_VERSION = 1;
				DEVELOPMENT_TEAM = 2W5W9XTGL6;
				GENERATE_INFOPLIST_FILE = YES;
				IPHONEOS_DEPLOYMENT_TARGET = 26.2;
				MARKETING_VERSION = 1.0;
				PRODUCT_BUNDLE_IDENTIFIER = com.bmalberta.com.ChristmasTrackerTests;
				PRODUCT_NAME = "$(TARGET_NAME)";
				STRING_CATALOG_GENERATE_SYMBOLS = NO;
				SWIFT_APPROACHABLE_CONCURRENCY = YES;
				SWIFT_EMIT_LOC_STRINGS = NO;
				SWIFT_UPCOMING_FEATURE_MEMBER_IMPORT_VISIBILITY = YES;
				SWIFT_VERSION = 5.0;
				TARGETED_DEVICE_FAMILY = "1,2";
				TEST_HOST = "$(BUILT_PRODUCTS_DIR)/ChristmasTracker.app/$(BUNDLE_EXECUTABLE_FOLDER_PATH)/ChristmasTracker";
			};
			name = Debug;
		};
		D3C371712F32DFD100C09FB4 /* Release */ = {
			isa = XCBuildConfiguration;
			buildSettings = {
				BUNDLE_LOADER = "$(TEST_HOST)";
				CODE_SIGN_STYLE = Automatic;
				CURRENT_PROJECT_VERSION = 1;
				DEVELOPMENT_TEAM = 2W5W9XTGL6;
				GENERATE_INFOPLIST_FILE = YES;
				IPHONEOS_DEPLOYMENT_TARGET = 26.2;
				MARKETING_VERSION = 1.0;
				PRODUCT_BUNDLE_IDENTIFIER = com.bmalberta.com.ChristmasTrackerTests;
				PRODUCT_NAME = "$(TARGET_NAME)";
				STRING_CATALOG_GENERATE_SYMBOLS = NO;
				SWIFT_APPROACHABLE_CONCURRENCY = YES;
				SWIFT_EMIT_LOC_STRINGS = NO;
				SWIFT_UPCOMING_FEATURE_MEMBER_IMPORT_VISIBILITY = YES;
				SWIFT_VERSION = 5.0;
				TARGETED_DEVICE_FAMILY = "1,2";
				TEST_HOST = "$(BUILT_PRODUCTS_DIR)/ChristmasTracker.app/$(BUNDLE_EXECUTABLE_FOLDER_PATH)/ChristmasTracker";
			};
			name = Release;
		};
		D3C371732F32DFD100C09FB4 /* Debug */ = {
			isa = XCBuildConfiguration;
			baseConfigurationReferenceAnchor = D3C3714D2F32DFD100C09FB4 /* ChristmasTracker */;
			baseConfigurationReferenceRelativePath = "Config/Config-Debug.xcconfig";
			buildSettings = {
				CODE_SIGN_STYLE = Automatic;
				CURRENT_PROJECT_VERSION = 1;
				DEVELOPMENT_TEAM = 2W5W9XTGL6;
				GENERATE_INFOPLIST_FILE = YES;
				MARKETING_VERSION = 1.0;
				PRODUCT_BUNDLE_IDENTIFIER = com.bmalberta.com.ChristmasTrackerUITests;
				PRODUCT_NAME = "$(TARGET_NAME)";
				STRING_CATALOG_GENERATE_SYMBOLS = NO;
				SWIFT_APPROACHABLE_CONCURRENCY = YES;
				SWIFT_EMIT_LOC_STRINGS = NO;
				SWIFT_UPCOMING_FEATURE_MEMBER_IMPORT_VISIBILITY = YES;
				SWIFT_VERSION = 5.0;
				TARGETED_DEVICE_FAMILY = "1,2";
				TEST_TARGET_NAME = ChristmasTracker;
			};
			name = Debug;
		};
		D3C371742F32DFD100C09FB4 /* Release */ = {
			isa = XCBuildConfiguration;
			buildSettings = {
				CODE_SIGN_STYLE = Automatic;
				CURRENT_PROJECT_VERSION = 1;
				DEVELOPMENT_TEAM = 2W5W9XTGL6;
				GENERATE_INFOPLIST_FILE = YES;
				MARKETING_VERSION = 1.0;
				PRODUCT_BUNDLE_IDENTIFIER = com.bmalberta.com.ChristmasTrackerUITests;
				PRODUCT_NAME = "$(TARGET_NAME)";
				STRING_CATALOG_GENERATE_SYMBOLS = NO;
				SWIFT_APPROACHABLE_CONCURRENCY = YES;
				SWIFT_EMIT_LOC_STRINGS = NO;
				SWIFT_UPCOMING_FEATURE_MEMBER_IMPORT_VISIBILITY = YES;
				SWIFT_VERSION = 5.0;
				TARGETED_DEVICE_FAMILY = "1,2";
				TEST_TARGET_NAME = ChristmasTracker;
			};
			name = Release;
		};
		D3C371802F32E42A00C09FB4 /* QA */ = {
			isa = XCBuildConfiguration;
			baseConfigurationReferenceAnchor = D3C3714D2F32DFD100C09FB4 /* ChristmasTracker */;
			baseConfigurationReferenceRelativePath = "Config/Config-QA.xcconfig";
			buildSettings = {
				ALWAYS_SEARCH_USER_PATHS = NO;
				ASSETCATALOG_COMPILER_GENERATE_SWIFT_ASSET_SYMBOL_EXTENSIONS = YES;
				CLANG_ANALYZER_NONNULL = YES;
				CLANG_ANALYZER_NUMBER_OBJECT_CONVERSION = YES_AGGRESSIVE;
				CLANG_CXX_LANGUAGE_STANDARD = "gnu++20";
				CLANG_ENABLE_MODULES = YES;
				CLANG_ENABLE_OBJC_ARC = YES;
				CLANG_ENABLE_OBJC_WEAK = YES;
				CLANG_WARN_BLOCK_CAPTURE_AUTORELEASING = YES;
				CLANG_WARN_BOOL_CONVERSION = YES;
				CLANG_WARN_COMMA = YES;
				CLANG_WARN_CONSTANT_CONVERSION = YES;
				CLANG_WARN_DEPRECATED_OBJC_IMPLEMENTATIONS = YES;
				CLANG_WARN_DIRECT_OBJC_ISA_USAGE = YES_ERROR;
				CLANG_WARN_DOCUMENTATION_COMMENTS = YES;
				CLANG_WARN_EMPTY_BODY = YES;
				CLANG_WARN_ENUM_CONVERSION = YES;
				CLANG_WARN_INFINITE_RECURSION = YES;
				CLANG_WARN_INT_CONVERSION = YES;
				CLANG_WARN_NON_LITERAL_NULL_CONVERSION = YES;
				CLANG_WARN_OBJC_IMPLICIT_RETAIN_SELF = YES;
				CLANG_WARN_OBJC_LITERAL_CONVERSION = YES;
				CLANG_WARN_OBJC_ROOT_CLASS = YES_ERROR;
				CLANG_WARN_QUOTED_INCLUDE_IN_FRAMEWORK_HEADER = YES;
				CLANG_WARN_RANGE_LOOP_ANALYSIS = YES;
				CLANG_WARN_STRICT_PROTOTYPES = YES;
				CLANG_WARN_SUSPICIOUS_MOVE = YES;
				CLANG_WARN_UNGUARDED_AVAILABILITY = YES_AGGRESSIVE;
				CLANG_WARN_UNREACHABLE_CODE = YES;
				CLANG_WARN__DUPLICATE_METHOD_MATCH = YES;
				COPY_PHASE_STRIP = NO;
				DEBUG_INFORMATION_FORMAT = "dwarf-with-dsym";
				DEVELOPMENT_TEAM = 2W5W9XTGL6;
				ENABLE_NS_ASSERTIONS = NO;
				ENABLE_STRICT_OBJC_MSGSEND = YES;
				ENABLE_USER_SCRIPT_SANDBOXING = YES;
				GCC_C_LANGUAGE_STANDARD = gnu17;
				GCC_NO_COMMON_BLOCKS = YES;
				GCC_WARN_64_TO_32_BIT_CONVERSION = YES;
				GCC_WARN_ABOUT_RETURN_TYPE = YES_ERROR;
				GCC_WARN_UNDECLARED_SELECTOR = YES;
				GCC_WARN_UNINITIALIZED_AUTOS = YES_AGGRESSIVE;
				GCC_WARN_UNUSED_FUNCTION = YES;
				GCC_WARN_UNUSED_VARIABLE = YES;
				IPHONEOS_DEPLOYMENT_TARGET = 26.2;
				LOCALIZATION_PREFERS_STRING_CATALOGS = YES;
				MTL_ENABLE_DEBUG_INFO = NO;
				MTL_FAST_MATH = YES;
				SDKROOT = iphoneos;
				SWIFT_COMPILATION_MODE = wholemodule;
				VALIDATE_PRODUCT = YES;
			};
			name = QA;
		};
		D3C371812F32E42A00C09FB4 /* QA */ = {
			isa = XCBuildConfiguration;
			buildSettings = {
				ASSETCATALOG_COMPILER_APPICON_NAME = AppIcon;
				ASSETCATALOG_COMPILER_GLOBAL_ACCENT_COLOR_NAME = AccentColor;
				CODE_SIGN_STYLE = Automatic;
				CURRENT_PROJECT_VERSION = 1;
				DEVELOPMENT_TEAM = 2W5W9XTGL6;
				ENABLE_PREVIEWS = YES;
				GENERATE_INFOPLIST_FILE = YES;
				INFOPLIST_FILE = ChristmasTracker/Info.plist;
				INFOPLIST_KEY_LSApplicationCategoryType = "public.app-category.productivity";
				INFOPLIST_KEY_UIApplicationSceneManifest_Generation = YES;
				INFOPLIST_KEY_UIApplicationSupportsIndirectInputEvents = YES;
				INFOPLIST_KEY_UILaunchScreen_Generation = YES;
				INFOPLIST_KEY_UIStatusBarStyle = "";
				INFOPLIST_KEY_UISupportedInterfaceOrientations_iPad = "UIInterfaceOrientationPortrait UIInterfaceOrientationPortraitUpsideDown UIInterfaceOrientationLandscapeLeft UIInterfaceOrientationLandscapeRight";
				INFOPLIST_KEY_UISupportedInterfaceOrientations_iPhone = "UIInterfaceOrientationPortrait UIInterfaceOrientationLandscapeLeft UIInterfaceOrientationLandscapeRight";
				IPHONEOS_DEPLOYMENT_TARGET = 26.0;
				LD_RUNPATH_SEARCH_PATHS = (
					"$(inherited)",
					"@executable_path/Frameworks",
				);
				MARKETING_VERSION = 1.0;
				"OTHER_SWIFT_FLAGS[arch=*]" = " -strict-concurrency=complete";
				PRODUCT_BUNDLE_IDENTIFIER = com.bmalberta.com.ChristmasTracker;
				PRODUCT_NAME = "$(TARGET_NAME)";
				STRING_CATALOG_GENERATE_SYMBOLS = YES;
				SWIFT_APPROACHABLE_CONCURRENCY = YES;
				SWIFT_DEFAULT_ACTOR_ISOLATION = MainActor;
				SWIFT_EMIT_LOC_STRINGS = YES;
				SWIFT_UPCOMING_FEATURE_MEMBER_IMPORT_VISIBILITY = YES;
				SWIFT_VERSION = 6.0;
				TARGETED_DEVICE_FAMILY = "1,2";
			};
			name = QA;
		};
		D3C371822F32E42A00C09FB4 /* QA */ = {
			isa = XCBuildConfiguration;
			buildSettings = {
				BUNDLE_LOADER = "$(TEST_HOST)";
				CODE_SIGN_STYLE = Automatic;
				CURRENT_PROJECT_VERSION = 1;
				DEVELOPMENT_TEAM = 2W5W9XTGL6;
				GENERATE_INFOPLIST_FILE = YES;
				IPHONEOS_DEPLOYMENT_TARGET = 26.2;
				MARKETING_VERSION = 1.0;
				PRODUCT_BUNDLE_IDENTIFIER = com.bmalberta.com.ChristmasTrackerTests;
				PRODUCT_NAME = "$(TARGET_NAME)";
				STRING_CATALOG_GENERATE_SYMBOLS = NO;
				SWIFT_APPROACHABLE_CONCURRENCY = YES;
				SWIFT_EMIT_LOC_STRINGS = NO;
				SWIFT_UPCOMING_FEATURE_MEMBER_IMPORT_VISIBILITY = YES;
				SWIFT_VERSION = 5.0;
				TARGETED_DEVICE_FAMILY = "1,2";
				TEST_HOST = "$(BUILT_PRODUCTS_DIR)/ChristmasTracker.app/$(BUNDLE_EXECUTABLE_FOLDER_PATH)/ChristmasTracker";
			};
			name = QA;
		};
		D3C371832F32E42A00C09FB4 /* QA */ = {
			isa = XCBuildConfiguration;
			buildSettings = {
				CODE_SIGN_STYLE = Automatic;
				CURRENT_PROJECT_VERSION = 1;
				DEVELOPMENT_TEAM = 2W5W9XTGL6;
				GENERATE_INFOPLIST_FILE = YES;
				MARKETING_VERSION = 1.0;
				PRODUCT_BUNDLE_IDENTIFIER = com.bmalberta.com.ChristmasTrackerUITests;
				PRODUCT_NAME = "$(TARGET_NAME)";
				STRING_CATALOG_GENERATE_SYMBOLS = NO;
				SWIFT_APPROACHABLE_CONCURRENCY = YES;
				SWIFT_EMIT_LOC_STRINGS = NO;
				SWIFT_UPCOMING_FEATURE_MEMBER_IMPORT_VISIBILITY = YES;
				SWIFT_VERSION = 5.0;
				TARGETED_DEVICE_FAMILY = "1,2";
				TEST_TARGET_NAME = ChristmasTracker;
			};
			name = QA;
		};
/* End XCBuildConfiguration section */

/* Begin XCConfigurationList section */
		D3C371462F32DFD100C09FB4 /* Build configuration list for PBXProject "ChristmasTracker" */ = {
			isa = XCConfigurationList;
			buildConfigurations = (
				D3C3716A2F32DFD100C09FB4 /* Debug */,
				D3C3716B2F32DFD100C09FB4 /* Release */,
				D3C371802F32E42A00C09FB4 /* QA */,
			);
			defaultConfigurationIsVisible = 0;
			defaultConfigurationName = Release;
		};
		D3C3716C2F32DFD100C09FB4 /* Build configuration list for PBXNativeTarget "ChristmasTracker" */ = {
			isa = XCConfigurationList;
			buildConfigurations = (
				D3C3716D2F32DFD100C09FB4 /* Debug */,
				D3C3716E2F32DFD100C09FB4 /* Release */,
				D3C371812F32E42A00C09FB4 /* QA */,
			);
			defaultConfigurationIsVisible = 0;
			defaultConfigurationName = Release;
		};
		D3C3716F2F32DFD100C09FB4 /* Build configuration list for PBXNativeTarget "ChristmasTrackerTests" */ = {
			isa = XCConfigurationList;
			buildConfigurations = (
				D3C371702F32DFD100C09FB4 /* Debug */,
				D3C371712F32DFD100C09FB4 /* Release */,
				D3C371822F32E42A00C09FB4 /* QA */,
			);
			defaultConfigurationIsVisible = 0;
			defaultConfigurationName = Release;
		};
		D3C371722F32DFD100C09FB4 /* Build configuration list for PBXNativeTarget "ChristmasTrackerUITests" */ = {
			isa = XCConfigurationList;
			buildConfigurations = (
				D3C371732F32DFD100C09FB4 /* Debug */,
				D3C371742F32DFD100C09FB4 /* Release */,
				D3C371832F32E42A00C09FB4 /* QA */,
			);
			defaultConfigurationIsVisible = 0;
			defaultConfigurationName = Release;
		};
/* End XCConfigurationList section */

/* Begin XCRemoteSwiftPackageReference section */
		D3C371D22F357BEE00C09FB4 /* XCRemoteSwiftPackageReference "newrelic-ios-agent-spm" */ = {
			isa = XCRemoteSwiftPackageReference;
			repositoryURL = "https://github.com/newrelic/newrelic-ios-agent-spm";
			requirement = {
				kind = upToNextMajorVersion;
				minimumVersion = 7.6.1;
			};
		};
		D3C371D52F357C3000C09FB4 /* XCRemoteSwiftPackageReference "sentry-cocoa" */ = {
			isa = XCRemoteSwiftPackageReference;
			repositoryURL = "https://github.com/getsentry/sentry-cocoa.git";
			requirement = {
				kind = upToNextMajorVersion;
				minimumVersion = 9.4.0;
			};
		};
/* End XCRemoteSwiftPackageReference section */

/* Begin XCSwiftPackageProductDependency section */
		D3C371D32F357BEE00C09FB4 /* NewRelic */ = {
			isa = XCSwiftPackageProductDependency;
			package = D3C371D22F357BEE00C09FB4 /* XCRemoteSwiftPackageReference "newrelic-ios-agent-spm" */;
			productName = NewRelic;
		};
		D3C371D62F357C3000C09FB4 /* SentrySwiftUI */ = {
			isa = XCSwiftPackageProductDependency;
			package = D3C371D52F357C3000C09FB4 /* XCRemoteSwiftPackageReference "sentry-cocoa" */;
			productName = SentrySwiftUI;
		};
/* End XCSwiftPackageProductDependency section */
	};
	rootObject = D3C371432F32DFD100C09FB4 /* Project object */;
}
